
Microsoft Visual Studio Solution File, Format Version 12.00
# Visual Studio Version 17
VisualStudioVersion = 17.7.34024.191
MinimumVisualStudioVersion = 10.0.40219.1
Project("{9A19103F-16F7-4668-BE54-9A1E7A4F7556}") = "Week2", "Week2\Week2.csproj", "{9AE9DAAA-A609-429D-A62D-D2F1187FD999}"
EndProject
Project("{9A19103F-16F7-4668-BE54-9A1E7A4F7556}") = "UserGenderValidation", "UserAgeValidation\UserGenderValidation.csproj", "{351D473F-1B59-44B9-B9C2-9E38891AEFA4}"
EndProject
Project("{FAE04EC0-301F-11D3-BF4B-00C04F79EFBC}") = "UserAgeValidation1", "UserAgeValidation1\UserAgeValidation1.csproj", "{D04BFAF7-F675-43A0-A1CA-2D4FA86F9619}"
EndProject
Global
	GlobalSection(SolutionConfigurationPlatforms) = preSolution
		Debug|Any CPU = Debug|Any CPU
		Release|Any CPU = Release|Any CPU
	EndGlobalSection
	GlobalSection(ProjectConfigurationPlatforms) = postSolution
		{9AE9DAAA-A609-429D-A62D-D2F1187FD999}.Debug|Any CPU.ActiveCfg = Debug|Any CPU
		{9AE9DAAA-A609-429D-A62D-D2F1187FD999}.Debug|Any CPU.Build.0 = Debug|Any CPU
		{9AE9DAAA-A609-429D-A62D-D2F1187FD999}.Release|Any CPU.ActiveCfg = Release|Any CPU
		{9AE9DAAA-A609-429D-A62D-D2F1187FD999}.Release|Any CPU.Build.0 = Release|Any CPU
		{351D473F-1B59-44B9-B9C2-9E38891AEFA4}.Debug|Any CPU.ActiveCfg = Debug|Any CPU
		{351D473F-1B59-44B9-B9C2-9E38891AEFA4}.Debug|Any CPU.Build.0 = Debug|Any CPU
		{351D473F-1B59-44B9-B9C2-9E38891AEFA4}.Release|Any CPU.ActiveCfg = Release|Any CPU
		{351D473F-1B59-44B9-B9C2-9E38891AEFA4}.Release|Any CPU.Build.0 = Release|Any CPU
		{D04BFAF7-F675-43A0-A1CA-2D4FA86F9619}.Debug|Any CPU.ActiveCfg = Debug|Any CPU
		{D04BFAF7-F675-43A0-A1CA-2D4FA86F9619}.Debug|Any CPU.Build.0 = Debug|Any CPU
		{D04BFAF7-F675-43A0-A1CA-2D4FA86F9619}.Release|Any CPU.ActiveCfg = Release|Any CPU
		{D04BFAF7-F675-43A0-A1CA-2D4FA86F9619}.Release|Any CPU.Build.0 = Release|Any CPU
	EndGlobalSection
	GlobalSection(SolutionProperties) = preSolution
		HideSolutionNode = FALSE
	EndGlobalSection
	GlobalSection(ExtensibilityGlobals) = postSolution
		SolutionGuid = {04A210BC-5F8B-439D-A3D9-75CFAC3B431A}
	EndGlobalSection
EndGlobal
